
Microsoft Visual Studio Solution File, Format Version 11.00
# Visual Studio 2010
Project("{FAE04EC0-301F-11D3-BF4B-00C04F79EFBC}") = "nJupiter.Web", "nJupiter.Web\nJupiter.Web.csproj", "{093D4A00-567A-4FCC-A0EE-76D00AE86335}"
EndProject
Project("{FAE04EC0-301F-11D3-BF4B-00C04F79EFBC}") = "nJupiter.Web.Tests.Unit", "nJupiter.Web.Tests.Unit\nJupiter.Web.Tests.Unit.csproj", "{6ED94A79-B7A1-422D-8843-24A348D43D99}"
EndProject
Global
	GlobalSection(SolutionConfigurationPlatforms) = preSolution
		Debug 2.0|Any CPU = Debug 2.0|Any CPU
		Debug 3.5|Any CPU = Debug 3.5|Any CPU
		Debug 4.0|Any CPU = Debug 4.0|Any CPU
		Debug|Any CPU = Debug|Any CPU
		Release 2.0|Any CPU = Release 2.0|Any CPU
		Release 3.5|Any CPU = Release 3.5|Any CPU
		Release 4.0|Any CPU = Release 4.0|Any CPU
		Release Signed|Any CPU = Release Signed|Any CPU
		Release|Any CPU = Release|Any CPU
	EndGlobalSection
	GlobalSection(ProjectConfigurationPlatforms) = postSolution
		{093D4A00-567A-4FCC-A0EE-76D00AE86335}.Debug 2.0|Any CPU.ActiveCfg = Debug 2.0|Any CPU
		{093D4A00-567A-4FCC-A0EE-76D00AE86335}.Debug 2.0|Any CPU.Build.0 = Debug 2.0|Any CPU
		{093D4A00-567A-4FCC-A0EE-76D00AE86335}.Debug 3.5|Any CPU.ActiveCfg = Debug 3.5|Any CPU
		{093D4A00-567A-4FCC-A0EE-76D00AE86335}.Debug 3.5|Any CPU.Build.0 = Debug 3.5|Any CPU
		{093D4A00-567A-4FCC-A0EE-76D00AE86335}.Debug 4.0|Any CPU.ActiveCfg = Debug 4.0|Any CPU
		{093D4A00-567A-4FCC-A0EE-76D00AE86335}.Debug 4.0|Any CPU.Build.0 = Debug 4.0|Any CPU
		{093D4A00-567A-4FCC-A0EE-76D00AE86335}.Debug|Any CPU.ActiveCfg = Debug|Any CPU
		{093D4A00-567A-4FCC-A0EE-76D00AE86335}.Debug|Any CPU.Build.0 = Debug|Any CPU
		{093D4A00-567A-4FCC-A0EE-76D00AE86335}.Release 2.0|Any CPU.ActiveCfg = Release 2.0|Any CPU
		{093D4A00-567A-4FCC-A0EE-76D00AE86335}.Release 2.0|Any CPU.Build.0 = Release 2.0|Any CPU
		{093D4A00-567A-4FCC-A0EE-76D00AE86335}.Release 3.5|Any CPU.ActiveCfg = Release 3.5|Any CPU
		{093D4A00-567A-4FCC-A0EE-76D00AE86335}.Release 3.5|Any CPU.Build.0 = Release 3.5|Any CPU
		{093D4A00-567A-4FCC-A0EE-76D00AE86335}.Release 4.0|Any CPU.ActiveCfg = Release 4.0|Any CPU
		{093D4A00-567A-4FCC-A0EE-76D00AE86335}.Release 4.0|Any CPU.Build.0 = Release 4.0|Any CPU
		{093D4A00-567A-4FCC-A0EE-76D00AE86335}.Release Signed|Any CPU.ActiveCfg = Release Signed|Any CPU
		{093D4A00-567A-4FCC-A0EE-76D00AE86335}.Release Signed|Any CPU.Build.0 = Release Signed|Any CPU
		{093D4A00-567A-4FCC-A0EE-76D00AE86335}.Release|Any CPU.ActiveCfg = Release|Any CPU
		{093D4A00-567A-4FCC-A0EE-76D00AE86335}.Release|Any CPU.Build.0 = Release|Any CPU
		{6ED94A79-B7A1-422D-8843-24A348D43D99}.Debug 2.0|Any CPU.ActiveCfg = Debug 2.0|Any CPU
		{6ED94A79-B7A1-422D-8843-24A348D43D99}.Debug 2.0|Any CPU.Build.0 = Debug 2.0|Any CPU
		{6ED94A79-B7A1-422D-8843-24A348D43D99}.Debug 3.5|Any CPU.ActiveCfg = Debug 3.5|Any CPU
		{6ED94A79-B7A1-422D-8843-24A348D43D99}.Debug 3.5|Any CPU.Build.0 = Debug 3.5|Any CPU
		{6ED94A79-B7A1-422D-8843-24A348D43D99}.Debug 4.0|Any CPU.ActiveCfg = Debug 4.0|Any CPU
		{6ED94A79-B7A1-422D-8843-24A348D43D99}.Debug 4.0|Any CPU.Build.0 = Debug 4.0|Any CPU
		{6ED94A79-B7A1-422D-8843-24A348D43D99}.Debug|Any CPU.ActiveCfg = Debug 4.0|Any CPU
		{6ED94A79-B7A1-422D-8843-24A348D43D99}.Debug|Any CPU.Build.0 = Debug 4.0|Any CPU
		{6ED94A79-B7A1-422D-8843-24A348D43D99}.Release 2.0|Any CPU.ActiveCfg = Release 2.0|Any CPU
		{6ED94A79-B7A1-422D-8843-24A348D43D99}.Release 2.0|Any CPU.Build.0 = Release 2.0|Any CPU
		{6ED94A79-B7A1-422D-8843-24A348D43D99}.Release 3.5|Any CPU.ActiveCfg = Release 3.5|Any CPU
		{6ED94A79-B7A1-422D-8843-24A348D43D99}.Release 3.5|Any CPU.Build.0 = Release 3.5|Any CPU
		{6ED94A79-B7A1-422D-8843-24A348D43D99}.Release 4.0|Any CPU.ActiveCfg = Release 4.0|Any CPU
		{6ED94A79-B7A1-422D-8843-24A348D43D99}.Release 4.0|Any CPU.Build.0 = Release 4.0|Any CPU
		{6ED94A79-B7A1-422D-8843-24A348D43D99}.Release Signed|Any CPU.ActiveCfg = Release 4.0|Any CPU
		{6ED94A79-B7A1-422D-8843-24A348D43D99}.Release Signed|Any CPU.Build.0 = Release 4.0|Any CPU
		{6ED94A79-B7A1-422D-8843-24A348D43D99}.Release|Any CPU.ActiveCfg = Release 4.0|Any CPU
		{6ED94A79-B7A1-422D-8843-24A348D43D99}.Release|Any CPU.Build.0 = Release 4.0|Any CPU
	EndGlobalSection
	GlobalSection(SolutionProperties) = preSolution
		HideSolutionNode = FALSE
	EndGlobalSection
EndGlobal
