
Microsoft Visual Studio Solution File, Format Version 10.00
# Visual Studio 2008
Project("{2150E333-8FDC-42A3-9474-1A3956D46DE8}") = "Solution Items", "Solution Items", "{31C621CB-94F9-4CFA-B49C-4FCBF5BD148F}"
	ProjectSection(SolutionItems) = preProject
		ChangeLog.txt = ChangeLog.txt
		nJupiter.BuildAll.bat = nJupiter.BuildAll.bat
		nJupiter.BuildContinuously.bat = nJupiter.BuildContinuously.bat
		nJupiter.BuildNightly.bat = nJupiter.BuildNightly.bat
		nJupiter.CSharp.targets = nJupiter.CSharp.targets
		nJupiter.Deployment.targets = nJupiter.Deployment.targets
		nJupiter.FxCop = nJupiter.FxCop
		nJupiter.snk = nJupiter.snk
		nJupiter.vssettings = nJupiter.vssettings
		ReadMe.txt = ReadMe.txt
	EndProjectSection
EndProject
Project("{2150E333-8FDC-42A3-9474-1A3956D46DE8}") = "nJupiter", "nJupiter", "{74DBF799-6215-4036-BED8-C95DF284D9FF}"
EndProject
Project("{FAE04EC0-301F-11D3-BF4B-00C04F79EFBC}") = "nJupiter.Configuration", "nJupiter.Configuration\nJupiter.Configuration.csproj", "{C07BD79F-4E0B-4BDD-B93C-45E897C590F8}"
EndProject
Project("{FAE04EC0-301F-11D3-BF4B-00C04F79EFBC}") = "nJupiter.DataAccess", "nJupiter.DataAccess\nJupiter.DataAccess.csproj", "{DE3DFF9C-7B73-4DD6-AF8B-129D9E0D4569}"
EndProject
Project("{FAE04EC0-301F-11D3-BF4B-00C04F79EFBC}") = "nJupiter.DataAccess.DirectoryService", "nJupiter.DataAccess.DirectoryService\nJupiter.DataAccess.DirectoryService.csproj", "{C75DBB5E-4E52-4C74-A2CD-080D0F2B781D}"
EndProject
Project("{FAE04EC0-301F-11D3-BF4B-00C04F79EFBC}") = "nJupiter.DataAccess.Users", "nJupiter.DataAccess.Users\nJupiter.DataAccess.Users.csproj", "{01104FAA-4C0C-4BD9-BE43-CF89DA601F3D}"
EndProject
Project("{FAE04EC0-301F-11D3-BF4B-00C04F79EFBC}") = "nJupiter.DataAccess.Users.DirectoryService", "nJupiter.DataAccess.Users.DirectoryService\nJupiter.DataAccess.Users.DirectoryService.csproj", "{C2327074-4BD3-42B8-915F-6100B804CBBD}"
EndProject
Project("{FAE04EC0-301F-11D3-BF4B-00C04F79EFBC}") = "nJupiter.Messaging", "nJupiter.Messaging\nJupiter.Messaging.csproj", "{A0CA1FF7-1162-4FD0-929F-5D066C51D14B}"
EndProject
Project("{FAE04EC0-301F-11D3-BF4B-00C04F79EFBC}") = "nJupiter.Messaging.Server", "nJupiter.Messaging.Server\nJupiter.Messaging.Server.csproj", "{FCA77E4A-46B5-4081-8727-A71EAE764F33}"
EndProject
Project("{FAE04EC0-301F-11D3-BF4B-00C04F79EFBC}") = "nJupiter.Messaging.Web", "nJupiter.Messaging.Web\nJupiter.Messaging.Web.csproj", "{443D34BB-0F22-4888-895D-4AE3EF236BBF}"
EndProject
Project("{FAE04EC0-301F-11D3-BF4B-00C04F79EFBC}") = "nJupiter.UnitTests", "nJupiter.UnitTests\nJupiter.UnitTests.csproj", "{5D5541D6-8C9C-4E52-91DE-ACE78C44AB9A}"
EndProject
Project("{FAE04EC0-301F-11D3-BF4B-00C04F79EFBC}") = "nJupiter.Services.Forum", "nJupiter.Services.Forum\nJupiter.Services.Forum.csproj", "{E4BACBF1-34A3-4836-A95B-8CA9EF8AF75F}"
EndProject
Project("{FAE04EC0-301F-11D3-BF4B-00C04F79EFBC}") = "nJupiter.Services.Forum.UI", "nJupiter.Services.Forum.UI\nJupiter.Services.Forum.UI.csproj", "{4E606F9A-0A9A-405E-AA1D-663DB265D2D4}"
EndProject
Project("{FAE04EC0-301F-11D3-BF4B-00C04F79EFBC}") = "nJupiter.Web.UI", "nJupiter.Web.UI\nJupiter.Web.UI.csproj", "{DB95442D-CB1A-4C20-9650-4FEC39E3314D}"
EndProject
Project("{FAE04EC0-301F-11D3-BF4B-00C04F79EFBC}") = "nJupiter.Web.UI.CssCompressor", "nJupiter.Web.UI.CssCompressor\nJupiter.Web.UI.CssCompressor.csproj", "{3504F077-30CF-4510-BD15-CD242ECA7009}"
EndProject
Project("{FAE04EC0-301F-11D3-BF4B-00C04F79EFBC}") = "nJupiter.Web.UI.EmailObfuscator", "nJupiter.Web.UI.EmailObfuscator\nJupiter.Web.UI.EmailObfuscator.csproj", "{9A550C52-006F-4814-A352-283D480835D6}"
EndProject
Project("{FAE04EC0-301F-11D3-BF4B-00C04F79EFBC}") = "nJupiter.Web.UI.GoogleAnalytics", "nJupiter.Web.UI.GoogleAnalytics\nJupiter.Web.UI.GoogleAnalytics.csproj", "{7504B204-EAC3-43B1-9F5D-86FA9F4A5659}"
EndProject
Project("{FAE04EC0-301F-11D3-BF4B-00C04F79EFBC}") = "nJupiter.Web.Syndication", "nJupiter.Web.Syndication\nJupiter.Web.Syndication.csproj", "{8462D595-4A2D-46A5-848C-3D6A3A3CED04}"
EndProject
Project("{FAE04EC0-301F-11D3-BF4B-00C04F79EFBC}") = "Shared Resources", "Shared Resources\Shared Resources.csproj", "{C77B1154-26EB-4F7E-AF74-6CBED7CE24FF}"
EndProject
Project("{FAE04EC0-301F-11D3-BF4B-00C04F79EFBC}") = "nJupiter.Web", "nJupiter.Web\nJupiter.Web.csproj", "{093D4A00-567A-4FCC-A0EE-76D00AE86335}"
EndProject
Project("{FAE04EC0-301F-11D3-BF4B-00C04F79EFBC}") = "nJupiter.Net.Mail", "nJupiter.Net.Mail\nJupiter.Net.Mail.csproj", "{519A0905-F0A1-4BA1-B511-0AC8626722E3}"
EndProject
Project("{FAE04EC0-301F-11D3-BF4B-00C04F79EFBC}") = "nJupiter.IO", "nJupiter.IO\nJupiter.IO.csproj", "{8C758019-57ED-441C-B6BF-8E5543D49F05}"
EndProject
Project("{FAE04EC0-301F-11D3-BF4B-00C04F79EFBC}") = "nJupiter.Text", "nJupiter.Text\nJupiter.Text.csproj", "{00A1BB7C-3D6A-4B30-8D40-5F910C8E4CAA}"
EndProject
Project("{FAE04EC0-301F-11D3-BF4B-00C04F79EFBC}") = "nJupiter.Collections", "nJupiter.Collections\nJupiter.Collections.csproj", "{F0A96296-9CBA-4DD2-9BF5-00DBA743597D}"
EndProject
Project("{FAE04EC0-301F-11D3-BF4B-00C04F79EFBC}") = "nJupiter.Drawing", "nJupiter.Drawing\nJupiter.Drawing.csproj", "{B7D3803A-6C86-43D3-B6E0-919641AB9DCE}"
EndProject
Project("{FAE04EC0-301F-11D3-BF4B-00C04F79EFBC}") = "nJupiter.Globalization", "nJupiter.Globalization\nJupiter.Globalization.csproj", "{37BF44F7-41D3-4343-B217-B98034DB1F2D}"
EndProject
Project("{FAE04EC0-301F-11D3-BF4B-00C04F79EFBC}") = "nJupiter.Security", "nJupiter.Security\nJupiter.Security.csproj", "{50603E07-48A7-4BA0-B61D-3F9928433220}"
EndProject
Project("{FAE04EC0-301F-11D3-BF4B-00C04F79EFBC}") = "nJupiter.DataAccess.Ldap", "nJupiter.DataAccess.Ldap\nJupiter.DataAccess.Ldap.csproj", "{6D989F7A-87CA-4CFC-B17D-21D486102C8D}"
EndProject
Global
	GlobalSection(SolutionConfigurationPlatforms) = preSolution
		Debug|Any CPU = Debug|Any CPU
		Release Signed|Any CPU = Release Signed|Any CPU
		Release|Any CPU = Release|Any CPU
	EndGlobalSection
	GlobalSection(ProjectConfigurationPlatforms) = postSolution
		{C07BD79F-4E0B-4BDD-B93C-45E897C590F8}.Debug|Any CPU.ActiveCfg = Debug|Any CPU
		{C07BD79F-4E0B-4BDD-B93C-45E897C590F8}.Debug|Any CPU.Build.0 = Debug|Any CPU
		{C07BD79F-4E0B-4BDD-B93C-45E897C590F8}.Release Signed|Any CPU.ActiveCfg = Release Signed|Any CPU
		{C07BD79F-4E0B-4BDD-B93C-45E897C590F8}.Release Signed|Any CPU.Build.0 = Release Signed|Any CPU
		{C07BD79F-4E0B-4BDD-B93C-45E897C590F8}.Release|Any CPU.ActiveCfg = Release|Any CPU
		{C07BD79F-4E0B-4BDD-B93C-45E897C590F8}.Release|Any CPU.Build.0 = Release|Any CPU
		{DE3DFF9C-7B73-4DD6-AF8B-129D9E0D4569}.Debug|Any CPU.ActiveCfg = Debug|Any CPU
		{DE3DFF9C-7B73-4DD6-AF8B-129D9E0D4569}.Debug|Any CPU.Build.0 = Debug|Any CPU
		{DE3DFF9C-7B73-4DD6-AF8B-129D9E0D4569}.Release Signed|Any CPU.ActiveCfg = Release Signed|Any CPU
		{DE3DFF9C-7B73-4DD6-AF8B-129D9E0D4569}.Release Signed|Any CPU.Build.0 = Release Signed|Any CPU
		{DE3DFF9C-7B73-4DD6-AF8B-129D9E0D4569}.Release|Any CPU.ActiveCfg = Release|Any CPU
		{DE3DFF9C-7B73-4DD6-AF8B-129D9E0D4569}.Release|Any CPU.Build.0 = Release|Any CPU
		{C75DBB5E-4E52-4C74-A2CD-080D0F2B781D}.Debug|Any CPU.ActiveCfg = Debug|Any CPU
		{C75DBB5E-4E52-4C74-A2CD-080D0F2B781D}.Debug|Any CPU.Build.0 = Debug|Any CPU
		{C75DBB5E-4E52-4C74-A2CD-080D0F2B781D}.Release Signed|Any CPU.ActiveCfg = Release Signed|Any CPU
		{C75DBB5E-4E52-4C74-A2CD-080D0F2B781D}.Release Signed|Any CPU.Build.0 = Release Signed|Any CPU
		{C75DBB5E-4E52-4C74-A2CD-080D0F2B781D}.Release|Any CPU.ActiveCfg = Release|Any CPU
		{C75DBB5E-4E52-4C74-A2CD-080D0F2B781D}.Release|Any CPU.Build.0 = Release|Any CPU
		{01104FAA-4C0C-4BD9-BE43-CF89DA601F3D}.Debug|Any CPU.ActiveCfg = Debug|Any CPU
		{01104FAA-4C0C-4BD9-BE43-CF89DA601F3D}.Debug|Any CPU.Build.0 = Debug|Any CPU
		{01104FAA-4C0C-4BD9-BE43-CF89DA601F3D}.Release Signed|Any CPU.ActiveCfg = Release Signed|Any CPU
		{01104FAA-4C0C-4BD9-BE43-CF89DA601F3D}.Release Signed|Any CPU.Build.0 = Release Signed|Any CPU
		{01104FAA-4C0C-4BD9-BE43-CF89DA601F3D}.Release|Any CPU.ActiveCfg = Release|Any CPU
		{01104FAA-4C0C-4BD9-BE43-CF89DA601F3D}.Release|Any CPU.Build.0 = Release|Any CPU
		{C2327074-4BD3-42B8-915F-6100B804CBBD}.Debug|Any CPU.ActiveCfg = Debug|Any CPU
		{C2327074-4BD3-42B8-915F-6100B804CBBD}.Debug|Any CPU.Build.0 = Debug|Any CPU
		{C2327074-4BD3-42B8-915F-6100B804CBBD}.Release Signed|Any CPU.ActiveCfg = Release Signed|Any CPU
		{C2327074-4BD3-42B8-915F-6100B804CBBD}.Release Signed|Any CPU.Build.0 = Release Signed|Any CPU
		{C2327074-4BD3-42B8-915F-6100B804CBBD}.Release|Any CPU.ActiveCfg = Release|Any CPU
		{C2327074-4BD3-42B8-915F-6100B804CBBD}.Release|Any CPU.Build.0 = Release|Any CPU
		{A0CA1FF7-1162-4FD0-929F-5D066C51D14B}.Debug|Any CPU.ActiveCfg = Debug|Any CPU
		{A0CA1FF7-1162-4FD0-929F-5D066C51D14B}.Debug|Any CPU.Build.0 = Debug|Any CPU
		{A0CA1FF7-1162-4FD0-929F-5D066C51D14B}.Release Signed|Any CPU.ActiveCfg = Release Signed|Any CPU
		{A0CA1FF7-1162-4FD0-929F-5D066C51D14B}.Release Signed|Any CPU.Build.0 = Release Signed|Any CPU
		{A0CA1FF7-1162-4FD0-929F-5D066C51D14B}.Release|Any CPU.ActiveCfg = Release|Any CPU
		{A0CA1FF7-1162-4FD0-929F-5D066C51D14B}.Release|Any CPU.Build.0 = Release|Any CPU
		{FCA77E4A-46B5-4081-8727-A71EAE764F33}.Debug|Any CPU.ActiveCfg = Debug|Any CPU
		{FCA77E4A-46B5-4081-8727-A71EAE764F33}.Debug|Any CPU.Build.0 = Debug|Any CPU
		{FCA77E4A-46B5-4081-8727-A71EAE764F33}.Release Signed|Any CPU.ActiveCfg = Release Signed|Any CPU
		{FCA77E4A-46B5-4081-8727-A71EAE764F33}.Release Signed|Any CPU.Build.0 = Release Signed|Any CPU
		{FCA77E4A-46B5-4081-8727-A71EAE764F33}.Release|Any CPU.ActiveCfg = Release|Any CPU
		{FCA77E4A-46B5-4081-8727-A71EAE764F33}.Release|Any CPU.Build.0 = Release|Any CPU
		{443D34BB-0F22-4888-895D-4AE3EF236BBF}.Debug|Any CPU.ActiveCfg = Debug|Any CPU
		{443D34BB-0F22-4888-895D-4AE3EF236BBF}.Debug|Any CPU.Build.0 = Debug|Any CPU
		{443D34BB-0F22-4888-895D-4AE3EF236BBF}.Release Signed|Any CPU.ActiveCfg = Release Signed|Any CPU
		{443D34BB-0F22-4888-895D-4AE3EF236BBF}.Release Signed|Any CPU.Build.0 = Release Signed|Any CPU
		{443D34BB-0F22-4888-895D-4AE3EF236BBF}.Release|Any CPU.ActiveCfg = Release|Any CPU
		{443D34BB-0F22-4888-895D-4AE3EF236BBF}.Release|Any CPU.Build.0 = Release|Any CPU
		{5D5541D6-8C9C-4E52-91DE-ACE78C44AB9A}.Debug|Any CPU.ActiveCfg = Debug|Any CPU
		{5D5541D6-8C9C-4E52-91DE-ACE78C44AB9A}.Debug|Any CPU.Build.0 = Debug|Any CPU
		{5D5541D6-8C9C-4E52-91DE-ACE78C44AB9A}.Release Signed|Any CPU.ActiveCfg = Release Signed|Any CPU
		{5D5541D6-8C9C-4E52-91DE-ACE78C44AB9A}.Release Signed|Any CPU.Build.0 = Release Signed|Any CPU
		{5D5541D6-8C9C-4E52-91DE-ACE78C44AB9A}.Release|Any CPU.ActiveCfg = Release|Any CPU
		{5D5541D6-8C9C-4E52-91DE-ACE78C44AB9A}.Release|Any CPU.Build.0 = Release|Any CPU
		{E4BACBF1-34A3-4836-A95B-8CA9EF8AF75F}.Debug|Any CPU.ActiveCfg = Debug|Any CPU
		{E4BACBF1-34A3-4836-A95B-8CA9EF8AF75F}.Debug|Any CPU.Build.0 = Debug|Any CPU
		{E4BACBF1-34A3-4836-A95B-8CA9EF8AF75F}.Release Signed|Any CPU.ActiveCfg = Release Signed|Any CPU
		{E4BACBF1-34A3-4836-A95B-8CA9EF8AF75F}.Release Signed|Any CPU.Build.0 = Release Signed|Any CPU
		{E4BACBF1-34A3-4836-A95B-8CA9EF8AF75F}.Release|Any CPU.ActiveCfg = Release|Any CPU
		{E4BACBF1-34A3-4836-A95B-8CA9EF8AF75F}.Release|Any CPU.Build.0 = Release|Any CPU
		{4E606F9A-0A9A-405E-AA1D-663DB265D2D4}.Debug|Any CPU.ActiveCfg = Debug|Any CPU
		{4E606F9A-0A9A-405E-AA1D-663DB265D2D4}.Debug|Any CPU.Build.0 = Debug|Any CPU
		{4E606F9A-0A9A-405E-AA1D-663DB265D2D4}.Release Signed|Any CPU.ActiveCfg = Release Signed|Any CPU
		{4E606F9A-0A9A-405E-AA1D-663DB265D2D4}.Release Signed|Any CPU.Build.0 = Release Signed|Any CPU
		{4E606F9A-0A9A-405E-AA1D-663DB265D2D4}.Release|Any CPU.ActiveCfg = Release|Any CPU
		{4E606F9A-0A9A-405E-AA1D-663DB265D2D4}.Release|Any CPU.Build.0 = Release|Any CPU
		{DB95442D-CB1A-4C20-9650-4FEC39E3314D}.Debug|Any CPU.ActiveCfg = Debug|Any CPU
		{DB95442D-CB1A-4C20-9650-4FEC39E3314D}.Debug|Any CPU.Build.0 = Debug|Any CPU
		{DB95442D-CB1A-4C20-9650-4FEC39E3314D}.Release Signed|Any CPU.ActiveCfg = Release Signed|Any CPU
		{DB95442D-CB1A-4C20-9650-4FEC39E3314D}.Release Signed|Any CPU.Build.0 = Release Signed|Any CPU
		{DB95442D-CB1A-4C20-9650-4FEC39E3314D}.Release|Any CPU.ActiveCfg = Release|Any CPU
		{DB95442D-CB1A-4C20-9650-4FEC39E3314D}.Release|Any CPU.Build.0 = Release|Any CPU
		{3504F077-30CF-4510-BD15-CD242ECA7009}.Debug|Any CPU.ActiveCfg = Debug|Any CPU
		{3504F077-30CF-4510-BD15-CD242ECA7009}.Debug|Any CPU.Build.0 = Debug|Any CPU
		{3504F077-30CF-4510-BD15-CD242ECA7009}.Release Signed|Any CPU.ActiveCfg = Release Signed|Any CPU
		{3504F077-30CF-4510-BD15-CD242ECA7009}.Release Signed|Any CPU.Build.0 = Release Signed|Any CPU
		{3504F077-30CF-4510-BD15-CD242ECA7009}.Release|Any CPU.ActiveCfg = Release|Any CPU
		{3504F077-30CF-4510-BD15-CD242ECA7009}.Release|Any CPU.Build.0 = Release|Any CPU
		{9A550C52-006F-4814-A352-283D480835D6}.Debug|Any CPU.ActiveCfg = Debug|Any CPU
		{9A550C52-006F-4814-A352-283D480835D6}.Debug|Any CPU.Build.0 = Debug|Any CPU
		{9A550C52-006F-4814-A352-283D480835D6}.Release Signed|Any CPU.ActiveCfg = Release Signed|Any CPU
		{9A550C52-006F-4814-A352-283D480835D6}.Release Signed|Any CPU.Build.0 = Release Signed|Any CPU
		{9A550C52-006F-4814-A352-283D480835D6}.Release|Any CPU.ActiveCfg = Release|Any CPU
		{9A550C52-006F-4814-A352-283D480835D6}.Release|Any CPU.Build.0 = Release|Any CPU
		{7504B204-EAC3-43B1-9F5D-86FA9F4A5659}.Debug|Any CPU.ActiveCfg = Debug|Any CPU
		{7504B204-EAC3-43B1-9F5D-86FA9F4A5659}.Debug|Any CPU.Build.0 = Debug|Any CPU
		{7504B204-EAC3-43B1-9F5D-86FA9F4A5659}.Release Signed|Any CPU.ActiveCfg = Release Signed|Any CPU
		{7504B204-EAC3-43B1-9F5D-86FA9F4A5659}.Release Signed|Any CPU.Build.0 = Release Signed|Any CPU
		{7504B204-EAC3-43B1-9F5D-86FA9F4A5659}.Release|Any CPU.ActiveCfg = Release|Any CPU
		{7504B204-EAC3-43B1-9F5D-86FA9F4A5659}.Release|Any CPU.Build.0 = Release|Any CPU
		{8462D595-4A2D-46A5-848C-3D6A3A3CED04}.Debug|Any CPU.ActiveCfg = Debug|Any CPU
		{8462D595-4A2D-46A5-848C-3D6A3A3CED04}.Debug|Any CPU.Build.0 = Debug|Any CPU
		{8462D595-4A2D-46A5-848C-3D6A3A3CED04}.Release Signed|Any CPU.ActiveCfg = Release Signed|Any CPU
		{8462D595-4A2D-46A5-848C-3D6A3A3CED04}.Release Signed|Any CPU.Build.0 = Release Signed|Any CPU
		{8462D595-4A2D-46A5-848C-3D6A3A3CED04}.Release|Any CPU.ActiveCfg = Release|Any CPU
		{8462D595-4A2D-46A5-848C-3D6A3A3CED04}.Release|Any CPU.Build.0 = Release|Any CPU
		{C77B1154-26EB-4F7E-AF74-6CBED7CE24FF}.Debug|Any CPU.ActiveCfg = Debug|Any CPU
		{C77B1154-26EB-4F7E-AF74-6CBED7CE24FF}.Release Signed|Any CPU.ActiveCfg = Release Signed|Any CPU
		{C77B1154-26EB-4F7E-AF74-6CBED7CE24FF}.Release|Any CPU.ActiveCfg = Release|Any CPU
		{093D4A00-567A-4FCC-A0EE-76D00AE86335}.Debug|Any CPU.ActiveCfg = Debug|Any CPU
		{093D4A00-567A-4FCC-A0EE-76D00AE86335}.Debug|Any CPU.Build.0 = Debug|Any CPU
		{093D4A00-567A-4FCC-A0EE-76D00AE86335}.Release Signed|Any CPU.ActiveCfg = Release Signed|Any CPU
		{093D4A00-567A-4FCC-A0EE-76D00AE86335}.Release Signed|Any CPU.Build.0 = Release Signed|Any CPU
		{093D4A00-567A-4FCC-A0EE-76D00AE86335}.Release|Any CPU.ActiveCfg = Release|Any CPU
		{093D4A00-567A-4FCC-A0EE-76D00AE86335}.Release|Any CPU.Build.0 = Release|Any CPU
		{519A0905-F0A1-4BA1-B511-0AC8626722E3}.Debug|Any CPU.ActiveCfg = Debug|Any CPU
		{519A0905-F0A1-4BA1-B511-0AC8626722E3}.Debug|Any CPU.Build.0 = Debug|Any CPU
		{519A0905-F0A1-4BA1-B511-0AC8626722E3}.Release Signed|Any CPU.ActiveCfg = Release Signed|Any CPU
		{519A0905-F0A1-4BA1-B511-0AC8626722E3}.Release Signed|Any CPU.Build.0 = Release Signed|Any CPU
		{519A0905-F0A1-4BA1-B511-0AC8626722E3}.Release|Any CPU.ActiveCfg = Release|Any CPU
		{519A0905-F0A1-4BA1-B511-0AC8626722E3}.Release|Any CPU.Build.0 = Release|Any CPU
		{8C758019-57ED-441C-B6BF-8E5543D49F05}.Debug|Any CPU.ActiveCfg = Debug|Any CPU
		{8C758019-57ED-441C-B6BF-8E5543D49F05}.Debug|Any CPU.Build.0 = Debug|Any CPU
		{8C758019-57ED-441C-B6BF-8E5543D49F05}.Release Signed|Any CPU.ActiveCfg = Release Signed|Any CPU
		{8C758019-57ED-441C-B6BF-8E5543D49F05}.Release Signed|Any CPU.Build.0 = Release Signed|Any CPU
		{8C758019-57ED-441C-B6BF-8E5543D49F05}.Release|Any CPU.ActiveCfg = Release|Any CPU
		{8C758019-57ED-441C-B6BF-8E5543D49F05}.Release|Any CPU.Build.0 = Release|Any CPU
		{00A1BB7C-3D6A-4B30-8D40-5F910C8E4CAA}.Debug|Any CPU.ActiveCfg = Debug|Any CPU
		{00A1BB7C-3D6A-4B30-8D40-5F910C8E4CAA}.Debug|Any CPU.Build.0 = Debug|Any CPU
		{00A1BB7C-3D6A-4B30-8D40-5F910C8E4CAA}.Release Signed|Any CPU.ActiveCfg = Release Signed|Any CPU
		{00A1BB7C-3D6A-4B30-8D40-5F910C8E4CAA}.Release Signed|Any CPU.Build.0 = Release Signed|Any CPU
		{00A1BB7C-3D6A-4B30-8D40-5F910C8E4CAA}.Release|Any CPU.ActiveCfg = Release|Any CPU
		{00A1BB7C-3D6A-4B30-8D40-5F910C8E4CAA}.Release|Any CPU.Build.0 = Release|Any CPU
		{F0A96296-9CBA-4DD2-9BF5-00DBA743597D}.Debug|Any CPU.ActiveCfg = Debug|Any CPU
		{F0A96296-9CBA-4DD2-9BF5-00DBA743597D}.Debug|Any CPU.Build.0 = Debug|Any CPU
		{F0A96296-9CBA-4DD2-9BF5-00DBA743597D}.Release Signed|Any CPU.ActiveCfg = Release Signed|Any CPU
		{F0A96296-9CBA-4DD2-9BF5-00DBA743597D}.Release Signed|Any CPU.Build.0 = Release Signed|Any CPU
		{F0A96296-9CBA-4DD2-9BF5-00DBA743597D}.Release|Any CPU.ActiveCfg = Release|Any CPU
		{F0A96296-9CBA-4DD2-9BF5-00DBA743597D}.Release|Any CPU.Build.0 = Release|Any CPU
		{B7D3803A-6C86-43D3-B6E0-919641AB9DCE}.Debug|Any CPU.ActiveCfg = Debug|Any CPU
		{B7D3803A-6C86-43D3-B6E0-919641AB9DCE}.Debug|Any CPU.Build.0 = Debug|Any CPU
		{B7D3803A-6C86-43D3-B6E0-919641AB9DCE}.Release Signed|Any CPU.ActiveCfg = Release Signed|Any CPU
		{B7D3803A-6C86-43D3-B6E0-919641AB9DCE}.Release Signed|Any CPU.Build.0 = Release Signed|Any CPU
		{B7D3803A-6C86-43D3-B6E0-919641AB9DCE}.Release|Any CPU.ActiveCfg = Release|Any CPU
		{B7D3803A-6C86-43D3-B6E0-919641AB9DCE}.Release|Any CPU.Build.0 = Release|Any CPU
		{37BF44F7-41D3-4343-B217-B98034DB1F2D}.Debug|Any CPU.ActiveCfg = Debug|Any CPU
		{37BF44F7-41D3-4343-B217-B98034DB1F2D}.Debug|Any CPU.Build.0 = Debug|Any CPU
		{37BF44F7-41D3-4343-B217-B98034DB1F2D}.Release Signed|Any CPU.ActiveCfg = Release Signed|Any CPU
		{37BF44F7-41D3-4343-B217-B98034DB1F2D}.Release Signed|Any CPU.Build.0 = Release Signed|Any CPU
		{37BF44F7-41D3-4343-B217-B98034DB1F2D}.Release|Any CPU.ActiveCfg = Release|Any CPU
		{37BF44F7-41D3-4343-B217-B98034DB1F2D}.Release|Any CPU.Build.0 = Release|Any CPU
		{50603E07-48A7-4BA0-B61D-3F9928433220}.Debug|Any CPU.ActiveCfg = Debug|Any CPU
		{50603E07-48A7-4BA0-B61D-3F9928433220}.Debug|Any CPU.Build.0 = Debug|Any CPU
		{50603E07-48A7-4BA0-B61D-3F9928433220}.Release Signed|Any CPU.ActiveCfg = Release Signed|Any CPU
		{50603E07-48A7-4BA0-B61D-3F9928433220}.Release Signed|Any CPU.Build.0 = Release Signed|Any CPU
		{50603E07-48A7-4BA0-B61D-3F9928433220}.Release|Any CPU.ActiveCfg = Release|Any CPU
		{50603E07-48A7-4BA0-B61D-3F9928433220}.Release|Any CPU.Build.0 = Release|Any CPU
		{6D989F7A-87CA-4CFC-B17D-21D486102C8D}.Debug|Any CPU.ActiveCfg = Debug|Any CPU
		{6D989F7A-87CA-4CFC-B17D-21D486102C8D}.Debug|Any CPU.Build.0 = Debug|Any CPU
		{6D989F7A-87CA-4CFC-B17D-21D486102C8D}.Release Signed|Any CPU.ActiveCfg = Release Signed|Any CPU
		{6D989F7A-87CA-4CFC-B17D-21D486102C8D}.Release Signed|Any CPU.Build.0 = Release Signed|Any CPU
		{6D989F7A-87CA-4CFC-B17D-21D486102C8D}.Release|Any CPU.ActiveCfg = Release|Any CPU
		{6D989F7A-87CA-4CFC-B17D-21D486102C8D}.Release|Any CPU.Build.0 = Release|Any CPU
	EndGlobalSection
	GlobalSection(SolutionProperties) = preSolution
		HideSolutionNode = FALSE
	EndGlobalSection
	GlobalSection(NestedProjects) = preSolution
		{C07BD79F-4E0B-4BDD-B93C-45E897C590F8} = {74DBF799-6215-4036-BED8-C95DF284D9FF}
		{DE3DFF9C-7B73-4DD6-AF8B-129D9E0D4569} = {74DBF799-6215-4036-BED8-C95DF284D9FF}
		{C75DBB5E-4E52-4C74-A2CD-080D0F2B781D} = {74DBF799-6215-4036-BED8-C95DF284D9FF}
		{01104FAA-4C0C-4BD9-BE43-CF89DA601F3D} = {74DBF799-6215-4036-BED8-C95DF284D9FF}
		{C2327074-4BD3-42B8-915F-6100B804CBBD} = {74DBF799-6215-4036-BED8-C95DF284D9FF}
		{A0CA1FF7-1162-4FD0-929F-5D066C51D14B} = {74DBF799-6215-4036-BED8-C95DF284D9FF}
		{FCA77E4A-46B5-4081-8727-A71EAE764F33} = {74DBF799-6215-4036-BED8-C95DF284D9FF}
		{443D34BB-0F22-4888-895D-4AE3EF236BBF} = {74DBF799-6215-4036-BED8-C95DF284D9FF}
		{5D5541D6-8C9C-4E52-91DE-ACE78C44AB9A} = {74DBF799-6215-4036-BED8-C95DF284D9FF}
		{E4BACBF1-34A3-4836-A95B-8CA9EF8AF75F} = {74DBF799-6215-4036-BED8-C95DF284D9FF}
		{4E606F9A-0A9A-405E-AA1D-663DB265D2D4} = {74DBF799-6215-4036-BED8-C95DF284D9FF}
		{DB95442D-CB1A-4C20-9650-4FEC39E3314D} = {74DBF799-6215-4036-BED8-C95DF284D9FF}
		{3504F077-30CF-4510-BD15-CD242ECA7009} = {74DBF799-6215-4036-BED8-C95DF284D9FF}
		{9A550C52-006F-4814-A352-283D480835D6} = {74DBF799-6215-4036-BED8-C95DF284D9FF}
		{7504B204-EAC3-43B1-9F5D-86FA9F4A5659} = {74DBF799-6215-4036-BED8-C95DF284D9FF}
		{8462D595-4A2D-46A5-848C-3D6A3A3CED04} = {74DBF799-6215-4036-BED8-C95DF284D9FF}
		{093D4A00-567A-4FCC-A0EE-76D00AE86335} = {74DBF799-6215-4036-BED8-C95DF284D9FF}
		{519A0905-F0A1-4BA1-B511-0AC8626722E3} = {74DBF799-6215-4036-BED8-C95DF284D9FF}
		{8C758019-57ED-441C-B6BF-8E5543D49F05} = {74DBF799-6215-4036-BED8-C95DF284D9FF}
		{00A1BB7C-3D6A-4B30-8D40-5F910C8E4CAA} = {74DBF799-6215-4036-BED8-C95DF284D9FF}
		{F0A96296-9CBA-4DD2-9BF5-00DBA743597D} = {74DBF799-6215-4036-BED8-C95DF284D9FF}
		{B7D3803A-6C86-43D3-B6E0-919641AB9DCE} = {74DBF799-6215-4036-BED8-C95DF284D9FF}
		{37BF44F7-41D3-4343-B217-B98034DB1F2D} = {74DBF799-6215-4036-BED8-C95DF284D9FF}
		{50603E07-48A7-4BA0-B61D-3F9928433220} = {74DBF799-6215-4036-BED8-C95DF284D9FF}
		{6D989F7A-87CA-4CFC-B17D-21D486102C8D} = {74DBF799-6215-4036-BED8-C95DF284D9FF}
	EndGlobalSection
EndGlobal
