
Microsoft Visual Studio Solution File, Format Version 11.00
# Visual Studio 2010
Project("{2150E333-8FDC-42A3-9474-1A3956D46DE8}") = "Solution Items", "Solution Items", "{31C621CB-94F9-4CFA-B49C-4FCBF5BD148F}"
	ProjectSection(SolutionItems) = preProject
		njupiter.webtools-changelog.txt = njupiter.webtools-changelog.txt
	EndProjectSection
EndProject
Project("{FAE04EC0-301F-11D3-BF4B-00C04F79EFBC}") = "nJupiter.Web", "nJupiter.Web\nJupiter.Web.csproj", "{093D4A00-567A-4FCC-A0EE-76D00AE86335}"
EndProject
Project("{FAE04EC0-301F-11D3-BF4B-00C04F79EFBC}") = "nJupiter.Web.UI", "nJupiter.Web.UI\nJupiter.Web.UI.csproj", "{DB95442D-CB1A-4C20-9650-4FEC39E3314D}"
EndProject
Project("{FAE04EC0-301F-11D3-BF4B-00C04F79EFBC}") = "nJupiter.Web.Tests.Unit", "nJupiter.Web.Tests.Unit\nJupiter.Web.Tests.Unit.csproj", "{6ED94A79-B7A1-422D-8843-24A348D43D99}"
EndProject
Global
	GlobalSection(SolutionConfigurationPlatforms) = preSolution
		Debug 3.5|Any CPU = Debug 3.5|Any CPU
		Debug 4.0|Any CPU = Debug 4.0|Any CPU
		Release 3.5|Any CPU = Release 3.5|Any CPU
		Release 4.0|Any CPU = Release 4.0|Any CPU
	EndGlobalSection
	GlobalSection(ProjectConfigurationPlatforms) = postSolution
		{093D4A00-567A-4FCC-A0EE-76D00AE86335}.Debug 3.5|Any CPU.ActiveCfg = Debug 3.5|Any CPU
		{093D4A00-567A-4FCC-A0EE-76D00AE86335}.Debug 3.5|Any CPU.Build.0 = Debug 3.5|Any CPU
		{093D4A00-567A-4FCC-A0EE-76D00AE86335}.Debug 4.0|Any CPU.ActiveCfg = Debug 4.0|Any CPU
		{093D4A00-567A-4FCC-A0EE-76D00AE86335}.Debug 4.0|Any CPU.Build.0 = Debug 4.0|Any CPU
		{093D4A00-567A-4FCC-A0EE-76D00AE86335}.Release 3.5|Any CPU.ActiveCfg = Release 3.5|Any CPU
		{093D4A00-567A-4FCC-A0EE-76D00AE86335}.Release 3.5|Any CPU.Build.0 = Release 3.5|Any CPU
		{093D4A00-567A-4FCC-A0EE-76D00AE86335}.Release 4.0|Any CPU.ActiveCfg = Release 4.0|Any CPU
		{093D4A00-567A-4FCC-A0EE-76D00AE86335}.Release 4.0|Any CPU.Build.0 = Release 4.0|Any CPU
		{DB95442D-CB1A-4C20-9650-4FEC39E3314D}.Debug 3.5|Any CPU.ActiveCfg = Debug 3.5|Any CPU
		{DB95442D-CB1A-4C20-9650-4FEC39E3314D}.Debug 3.5|Any CPU.Build.0 = Debug 3.5|Any CPU
		{DB95442D-CB1A-4C20-9650-4FEC39E3314D}.Debug 4.0|Any CPU.ActiveCfg = Debug 4.0|Any CPU
		{DB95442D-CB1A-4C20-9650-4FEC39E3314D}.Debug 4.0|Any CPU.Build.0 = Debug 4.0|Any CPU
		{DB95442D-CB1A-4C20-9650-4FEC39E3314D}.Release 3.5|Any CPU.ActiveCfg = Release 3.5|Any CPU
		{DB95442D-CB1A-4C20-9650-4FEC39E3314D}.Release 3.5|Any CPU.Build.0 = Release 3.5|Any CPU
		{DB95442D-CB1A-4C20-9650-4FEC39E3314D}.Release 4.0|Any CPU.ActiveCfg = Release 4.0|Any CPU
		{DB95442D-CB1A-4C20-9650-4FEC39E3314D}.Release 4.0|Any CPU.Build.0 = Release 4.0|Any CPU
		{6ED94A79-B7A1-422D-8843-24A348D43D99}.Debug 3.5|Any CPU.ActiveCfg = Debug 3.5|Any CPU
		{6ED94A79-B7A1-422D-8843-24A348D43D99}.Debug 3.5|Any CPU.Build.0 = Debug 3.5|Any CPU
		{6ED94A79-B7A1-422D-8843-24A348D43D99}.Debug 4.0|Any CPU.ActiveCfg = Debug 4.0|Any CPU
		{6ED94A79-B7A1-422D-8843-24A348D43D99}.Debug 4.0|Any CPU.Build.0 = Debug 4.0|Any CPU
		{6ED94A79-B7A1-422D-8843-24A348D43D99}.Release 3.5|Any CPU.ActiveCfg = Release 3.5|Any CPU
		{6ED94A79-B7A1-422D-8843-24A348D43D99}.Release 4.0|Any CPU.ActiveCfg = Release 4.0|Any CPU
	EndGlobalSection
	GlobalSection(SolutionProperties) = preSolution
		HideSolutionNode = FALSE
	EndGlobalSection
EndGlobal
