
Microsoft Visual Studio Solution File, Format Version 11.00
# Visual Studio 2010
Project("{2150E333-8FDC-42A3-9474-1A3956D46DE8}") = "Solution Items", "Solution Items", "{31C621CB-94F9-4CFA-B49C-4FCBF5BD148F}"
	ProjectSection(SolutionItems) = preProject
		njupiter.net.mail-changelog.txt = njupiter.net.mail-changelog.txt
	EndProjectSection
EndProject
Project("{FAE04EC0-301F-11D3-BF4B-00C04F79EFBC}") = "nJupiter.Net.Mail", "nJupiter.Net.Mail\nJupiter.Net.Mail.csproj", "{519A0905-F0A1-4BA1-B511-0AC8626722E3}"
EndProject
Global
	GlobalSection(SolutionConfigurationPlatforms) = preSolution
		Debug 3.5|Any CPU = Debug 3.5|Any CPU
		Debug 4.0|Any CPU = Debug 4.0|Any CPU
		Release 3.5|Any CPU = Release 3.5|Any CPU
		Release 4.0|Any CPU = Release 4.0|Any CPU
	EndGlobalSection
	GlobalSection(ProjectConfigurationPlatforms) = postSolution
		{519A0905-F0A1-4BA1-B511-0AC8626722E3}.Debug 3.5|Any CPU.ActiveCfg = Debug 3.5|Any CPU
		{519A0905-F0A1-4BA1-B511-0AC8626722E3}.Debug 3.5|Any CPU.Build.0 = Debug 3.5|Any CPU
		{519A0905-F0A1-4BA1-B511-0AC8626722E3}.Debug 4.0|Any CPU.ActiveCfg = Debug 4.0|Any CPU
		{519A0905-F0A1-4BA1-B511-0AC8626722E3}.Debug 4.0|Any CPU.Build.0 = Debug 4.0|Any CPU
		{519A0905-F0A1-4BA1-B511-0AC8626722E3}.Release 3.5|Any CPU.ActiveCfg = Release 3.5|Any CPU
		{519A0905-F0A1-4BA1-B511-0AC8626722E3}.Release 3.5|Any CPU.Build.0 = Release 3.5|Any CPU
		{519A0905-F0A1-4BA1-B511-0AC8626722E3}.Release 4.0|Any CPU.ActiveCfg = Release 4.0|Any CPU
		{519A0905-F0A1-4BA1-B511-0AC8626722E3}.Release 4.0|Any CPU.Build.0 = Release 4.0|Any CPU
	EndGlobalSection
	GlobalSection(SolutionProperties) = preSolution
		HideSolutionNode = FALSE
	EndGlobalSection
EndGlobal
